github.com/Neffats/final-scenes v0.0.0-20211007152120-a5872bc1a90f h1:V+MoWRh9qp5vT3ul256khjm6u68AjcdNaYGmun8j3oo=
github.com/Neffats/final-scenes v0.0.0-20211007152120-a5872bc1a90f/go.mod h1:0G5ehbkFuCLGMOIKFrEpViIureimKgZsFQ4Y7dTyxNg=
github.com/Neffats/final-scenes/models v0.0.0-20211007152120-a5872bc1a90f h1:pAcSmlnE5ctc842mkA3QHhao9E3WDadbGn28odNAgHI=
github.com/Neffats/final-scenes/models v0.0.0-20211007152120-a5872bc1a90f/go.mod h1:mfLaGC/i5cHXrYFpUzteoEUD3gU8gT8djpllA29eGe4=
